// !$*UTF8*$!
{
	archiveVersion = 1;
	classes = {
	};
	objectVersion = 56;
	objects = {

/* Begin PBXBuildFile section */
		D6349CC52BC3AAED002BAE5D /* AppDelegate.swift in Sources */ = {isa = PBXBuildFile; fileRef = D6349CC42BC3AAED002BAE5D /* AppDelegate.swift */; };
		D6349CC72BC3AAED002BAE5D /* SceneDelegate.swift in Sources */ = {isa = PBXBuildFile; fileRef = D6349CC62BC3AAED002BAE5D /* SceneDelegate.swift */; };
		D6349CC92BC3AAED002BAE5D /* MainViewController.swift in Sources */ = {isa = PBXBuildFile; fileRef = D6349CC82BC3AAED002BAE5D /* MainViewController.swift */; };
		D6349CCC2BC3AAED002BAE5D /* Base in Resources */ = {isa = PBXBuildFile; fileRef = D6349CCB2BC3AAED002BAE5D /* Base */; };
		D6349CCE2BC3AAEE002BAE5D /* Assets.xcassets in Resources */ = {isa = PBXBuildFile; fileRef = D6349CCD2BC3AAEE002BAE5D /* Assets.xcassets */; };
		D6349CD12BC3AAEE002BAE5D /* Base in Resources */ = {isa = PBXBuildFile; fileRef = D6349CD02BC3AAEE002BAE5D /* Base */; };
		D6349CDC2BC3AAEF002BAE5D /* ToDoListAppTests.swift in Sources */ = {isa = PBXBuildFile; fileRef = D6349CDB2BC3AAEF002BAE5D /* ToDoListAppTests.swift */; };
		D6349CE62BC3AAEF002BAE5D /* ToDoListAppUITests.swift in Sources */ = {isa = PBXBuildFile; fileRef = D6349CE52BC3AAEF002BAE5D /* ToDoListAppUITests.swift */; };
		D6349CE82BC3AAEF002BAE5D /* ToDoListAppUITestsLaunchTests.swift in Sources */ = {isa = PBXBuildFile; fileRef = D6349CE72BC3AAEF002BAE5D /* ToDoListAppUITestsLaunchTests.swift */; };
		D6349CF52BC3C8B8002BAE5D /* CardListViewController.swift in Sources */ = {isa = PBXBuildFile; fileRef = D6349CF42BC3C8B8002BAE5D /* CardListViewController.swift */; };
		D6349CF72BC3C918002BAE5D /* CardListHeaderView.swift in Sources */ = {isa = PBXBuildFile; fileRef = D6349CF62BC3C918002BAE5D /* CardListHeaderView.swift */; };
		D6349CFA2BC3DE2B002BAE5D /* CardTableViewCell.xib in Resources */ = {isa = PBXBuildFile; fileRef = D6349CF92BC3DE2B002BAE5D /* CardTableViewCell.xib */; };
		D6349CFB2BC3DE2B002BAE5D /* CardTableViewCell.swift in Sources */ = {isa = PBXBuildFile; fileRef = D6349CF82BC3DE2B002BAE5D /* CardTableViewCell.swift */; };
		D6349CFD2BC4D45C002BAE5D /* TodoCard.swift in Sources */ = {isa = PBXBuildFile; fileRef = D6349CFC2BC4D45C002BAE5D /* TodoCard.swift */; };
		D6349D052BC7BDEB002BAE5D /* CardManager.swift in Sources */ = {isa = PBXBuildFile; fileRef = D6349D042BC7BDEB002BAE5D /* CardManager.swift */; };
		D6AEF9BE2BC7DA3E00A9E57A /* EditView.swift in Sources */ = {isa = PBXBuildFile; fileRef = D6AEF9BD2BC7DA3E00A9E57A /* EditView.swift */; };
		D6D9116C2BCA8E3E00B207D3 /* EditViewController.swift in Sources */ = {isa = PBXBuildFile; fileRef = D6D9116B2BCA8E3E00B207D3 /* EditViewController.swift */; };
		D6D9116E2BCAA7BF00B207D3 /* EditView.xib in Resources */ = {isa = PBXBuildFile; fileRef = D6D9116D2BCAA7BF00B207D3 /* EditView.xib */; };
		D6D911712BCAFBB500B207D3 /* CardManager.swift in Sources */ = {isa = PBXBuildFile; fileRef = D6349D042BC7BDEB002BAE5D /* CardManager.swift */; };
		D6D911722BCAFBB700B207D3 /* TodoCard.swift in Sources */ = {isa = PBXBuildFile; fileRef = D6349CFC2BC4D45C002BAE5D /* TodoCard.swift */; };
/* End PBXBuildFile section */

/* Begin PBXContainerItemProxy section */
		D6349CD82BC3AAEF002BAE5D /* PBXContainerItemProxy */ = {
			isa = PBXContainerItemProxy;
			containerPortal = D6349CB92BC3AAED002BAE5D /* Project object */;
			proxyType = 1;
			remoteGlobalIDString = D6349CC02BC3AAED002BAE5D;
			remoteInfo = ToDoListApp;
		};
		D6349CE22BC3AAEF002BAE5D /* PBXContainerItemProxy */ = {
			isa = PBXContainerItemProxy;
			containerPortal = D6349CB92BC3AAED002BAE5D /* Project object */;
			proxyType = 1;
			remoteGlobalIDString = D6349CC02BC3AAED002BAE5D;
			remoteInfo = ToDoListApp;
		};
/* End PBXContainerItemProxy section */

/* Begin PBXFileReference section */
		D6349CC12BC3AAED002BAE5D /* ToDoListApp.app */ = {isa = PBXFileReference; explicitFileType = wrapper.application; includeInIndex = 0; path = ToDoListApp.app; sourceTree = BUILT_PRODUCTS_DIR; };
		D6349CC42BC3AAED002BAE5D /* AppDelegate.swift */ = {isa = PBXFileReference; lastKnownFileType = sourcecode.swift; path = AppDelegate.swift; sourceTree = "<group>"; };
		D6349CC62BC3AAED002BAE5D /* SceneDelegate.swift */ = {isa = PBXFileReference; lastKnownFileType = sourcecode.swift; path = SceneDelegate.swift; sourceTree = "<group>"; };
		D6349CC82BC3AAED002BAE5D /* MainViewController.swift */ = {isa = PBXFileReference; lastKnownFileType = sourcecode.swift; path = MainViewController.swift; sourceTree = "<group>"; };
		D6349CCB2BC3AAED002BAE5D /* Base */ = {isa = PBXFileReference; lastKnownFileType = file.storyboard; name = Base; path = Base.lproj/Main.storyboard; sourceTree = "<group>"; };
		D6349CCD2BC3AAEE002BAE5D /* Assets.xcassets */ = {isa = PBXFileReference; lastKnownFileType = folder.assetcatalog; path = Assets.xcassets; sourceTree = "<group>"; };
		D6349CD02BC3AAEE002BAE5D /* Base */ = {isa = PBXFileReference; lastKnownFileType = file.storyboard; name = Base; path = Base.lproj/LaunchScreen.storyboard; sourceTree = "<group>"; };
		D6349CD22BC3AAEE002BAE5D /* Info.plist */ = {isa = PBXFileReference; lastKnownFileType = text.plist.xml; path = Info.plist; sourceTree = "<group>"; };
		D6349CD72BC3AAEF002BAE5D /* ToDoListAppTests.xctest */ = {isa = PBXFileReference; explicitFileType = wrapper.cfbundle; includeInIndex = 0; path = ToDoListAppTests.xctest; sourceTree = BUILT_PRODUCTS_DIR; };
		D6349CDB2BC3AAEF002BAE5D /* ToDoListAppTests.swift */ = {isa = PBXFileReference; lastKnownFileType = sourcecode.swift; path = ToDoListAppTests.swift; sourceTree = "<group>"; };
		D6349CE12BC3AAEF002BAE5D /* ToDoListAppUITests.xctest */ = {isa = PBXFileReference; explicitFileType = wrapper.cfbundle; includeInIndex = 0; path = ToDoListAppUITests.xctest; sourceTree = BUILT_PRODUCTS_DIR; };
		D6349CE52BC3AAEF002BAE5D /* ToDoListAppUITests.swift */ = {isa = PBXFileReference; lastKnownFileType = sourcecode.swift; path = ToDoListAppUITests.swift; sourceTree = "<group>"; };
		D6349CE72BC3AAEF002BAE5D /* ToDoListAppUITestsLaunchTests.swift */ = {isa = PBXFileReference; lastKnownFileType = sourcecode.swift; path = ToDoListAppUITestsLaunchTests.swift; sourceTree = "<group>"; };
		D6349CF42BC3C8B8002BAE5D /* CardListViewController.swift */ = {isa = PBXFileReference; lastKnownFileType = sourcecode.swift; path = CardListViewController.swift; sourceTree = "<group>"; };
		D6349CF62BC3C918002BAE5D /* CardListHeaderView.swift */ = {isa = PBXFileReference; lastKnownFileType = sourcecode.swift; path = CardListHeaderView.swift; sourceTree = "<group>"; };
		D6349CF82BC3DE2B002BAE5D /* CardTableViewCell.swift */ = {isa = PBXFileReference; lastKnownFileType = sourcecode.swift; path = CardTableViewCell.swift; sourceTree = "<group>"; };
		D6349CF92BC3DE2B002BAE5D /* CardTableViewCell.xib */ = {isa = PBXFileReference; lastKnownFileType = file.xib; path = CardTableViewCell.xib; sourceTree = "<group>"; };
		D6349CFC2BC4D45C002BAE5D /* TodoCard.swift */ = {isa = PBXFileReference; lastKnownFileType = sourcecode.swift; path = TodoCard.swift; sourceTree = "<group>"; };
		D6349D042BC7BDEB002BAE5D /* CardManager.swift */ = {isa = PBXFileReference; lastKnownFileType = sourcecode.swift; path = CardManager.swift; sourceTree = "<group>"; };
		D6AEF9BD2BC7DA3E00A9E57A /* EditView.swift */ = {isa = PBXFileReference; lastKnownFileType = sourcecode.swift; path = EditView.swift; sourceTree = "<group>"; };
		D6D9116B2BCA8E3E00B207D3 /* EditViewController.swift */ = {isa = PBXFileReference; lastKnownFileType = sourcecode.swift; path = EditViewController.swift; sourceTree = "<group>"; };
		D6D9116D2BCAA7BF00B207D3 /* EditView.xib */ = {isa = PBXFileReference; lastKnownFileType = file.xib; path = EditView.xib; sourceTree = "<group>"; };
/* End PBXFileReference section */

/* Begin PBXFrameworksBuildPhase section */
		D6349CBE2BC3AAED002BAE5D /* Frameworks */ = {
			isa = PBXFrameworksBuildPhase;
			buildActionMask = 2147483647;
			files = (
			);
			runOnlyForDeploymentPostprocessing = 0;
		};
		D6349CD42BC3AAEF002BAE5D /* Frameworks */ = {
			isa = PBXFrameworksBuildPhase;
			buildActionMask = 2147483647;
			files = (
			);
			runOnlyForDeploymentPostprocessing = 0;
		};
		D6349CDE2BC3AAEF002BAE5D /* Frameworks */ = {
			isa = PBXFrameworksBuildPhase;
			buildActionMask = 2147483647;
			files = (
			);
			runOnlyForDeploymentPostprocessing = 0;
		};
/* End PBXFrameworksBuildPhase section */

/* Begin PBXGroup section */
		D6349CB82BC3AAED002BAE5D = {
			isa = PBXGroup;
			children = (
				D6349CC32BC3AAED002BAE5D /* ToDoListApp */,
				D6349CDA2BC3AAEF002BAE5D /* ToDoListAppTests */,
				D6349CE42BC3AAEF002BAE5D /* ToDoListAppUITests */,
				D6349CC22BC3AAED002BAE5D /* Products */,
			);
			sourceTree = "<group>";
		};
		D6349CC22BC3AAED002BAE5D /* Products */ = {
			isa = PBXGroup;
			children = (
				D6349CC12BC3AAED002BAE5D /* ToDoListApp.app */,
				D6349CD72BC3AAEF002BAE5D /* ToDoListAppTests.xctest */,
				D6349CE12BC3AAEF002BAE5D /* ToDoListAppUITests.xctest */,
			);
			name = Products;
			sourceTree = "<group>";
		};
		D6349CC32BC3AAED002BAE5D /* ToDoListApp */ = {
			isa = PBXGroup;
			children = (
				D6349CC42BC3AAED002BAE5D /* AppDelegate.swift */,
				D6349CC62BC3AAED002BAE5D /* SceneDelegate.swift */,
				D6349CC82BC3AAED002BAE5D /* MainViewController.swift */,
				D6349CFF2BC4DDFC002BAE5D /* CardList */,
				D6D911732BD20BBE00B207D3 /* Edit */,
				D6349CFE2BC4D460002BAE5D /* Model */,
				D6349CCA2BC3AAED002BAE5D /* Main.storyboard */,
				D6349CCD2BC3AAEE002BAE5D /* Assets.xcassets */,
				D6349CCF2BC3AAEE002BAE5D /* LaunchScreen.storyboard */,
				D6349CD22BC3AAEE002BAE5D /* Info.plist */,
			);
			path = ToDoListApp;
			sourceTree = "<group>";
		};
		D6349CDA2BC3AAEF002BAE5D /* ToDoListAppTests */ = {
			isa = PBXGroup;
			children = (
				D6349CDB2BC3AAEF002BAE5D /* ToDoListAppTests.swift */,
			);
			path = ToDoListAppTests;
			sourceTree = "<group>";
		};
		D6349CE42BC3AAEF002BAE5D /* ToDoListAppUITests */ = {
			isa = PBXGroup;
			children = (
				D6349CE52BC3AAEF002BAE5D /* ToDoListAppUITests.swift */,
				D6349CE72BC3AAEF002BAE5D /* ToDoListAppUITestsLaunchTests.swift */,
			);
			path = ToDoListAppUITests;
			sourceTree = "<group>";
		};
		D6349CFE2BC4D460002BAE5D /* Model */ = {
			isa = PBXGroup;
			children = (
				D6349CFC2BC4D45C002BAE5D /* TodoCard.swift */,
				D6349D042BC7BDEB002BAE5D /* CardManager.swift */,
			);
			path = Model;
			sourceTree = "<group>";
		};
		D6349CFF2BC4DDFC002BAE5D /* CardList */ = {
			isa = PBXGroup;
			children = (
				D6349CF62BC3C918002BAE5D /* CardListHeaderView.swift */,
				D6349CF42BC3C8B8002BAE5D /* CardListViewController.swift */,
				D6349CF82BC3DE2B002BAE5D /* CardTableViewCell.swift */,
				D6349CF92BC3DE2B002BAE5D /* CardTableViewCell.xib */,
			);
			path = CardList;
			sourceTree = "<group>";
		};
		D6D911732BD20BBE00B207D3 /* Edit */ = {
			isa = PBXGroup;
			children = (
				D6D9116B2BCA8E3E00B207D3 /* EditViewController.swift */,
				D6AEF9BD2BC7DA3E00A9E57A /* EditView.swift */,
				D6D9116D2BCAA7BF00B207D3 /* EditView.xib */,
			);
			path = Edit;
			sourceTree = "<group>";
		};
/* End PBXGroup section */

/* Begin PBXNativeTarget section */
		D6349CC02BC3AAED002BAE5D /* ToDoListApp */ = {
			isa = PBXNativeTarget;
			buildConfigurationList = D6349CEB2BC3AAEF002BAE5D /* Build configuration list for PBXNativeTarget "ToDoListApp" */;
			buildPhases = (
				D6349CBD2BC3AAED002BAE5D /* Sources */,
				D6349CBE2BC3AAED002BAE5D /* Frameworks */,
				D6349CBF2BC3AAED002BAE5D /* Resources */,
			);
			buildRules = (
			);
			dependencies = (
			);
			name = ToDoListApp;
			productName = ToDoListApp;
			productReference = D6349CC12BC3AAED002BAE5D /* ToDoListApp.app */;
			productType = "com.apple.product-type.application";
		};
		D6349CD62BC3AAEF002BAE5D /* ToDoListAppTests */ = {
			isa = PBXNativeTarget;
			buildConfigurationList = D6349CEE2BC3AAEF002BAE5D /* Build configuration list for PBXNativeTarget "ToDoListAppTests" */;
			buildPhases = (
				D6349CD32BC3AAEF002BAE5D /* Sources */,
				D6349CD42BC3AAEF002BAE5D /* Frameworks */,
				D6349CD52BC3AAEF002BAE5D /* Resources */,
			);
			buildRules = (
			);
			dependencies = (
				D6349CD92BC3AAEF002BAE5D /* PBXTargetDependency */,
			);
			name = ToDoListAppTests;
			productName = ToDoListAppTests;
			productReference = D6349CD72BC3AAEF002BAE5D /* ToDoListAppTests.xctest */;
			productType = "com.apple.product-type.bundle.unit-test";
		};
		D6349CE02BC3AAEF002BAE5D /* ToDoListAppUITests */ = {
			isa = PBXNativeTarget;
			buildConfigurationList = D6349CF12BC3AAEF002BAE5D /* Build configuration list for PBXNativeTarget "ToDoListAppUITests" */;
			buildPhases = (
				D6349CDD2BC3AAEF002BAE5D /* Sources */,
				D6349CDE2BC3AAEF002BAE5D /* Frameworks */,
				D6349CDF2BC3AAEF002BAE5D /* Resources */,
			);
			buildRules = (
			);
			dependencies = (
				D6349CE32BC3AAEF002BAE5D /* PBXTargetDependency */,
			);
			name = ToDoListAppUITests;
			productName = ToDoListAppUITests;
			productReference = D6349CE12BC3AAEF002BAE5D /* ToDoListAppUITests.xctest */;
			productType = "com.apple.product-type.bundle.ui-testing";
		};
/* End PBXNativeTarget section */

/* Begin PBXProject section */
		D6349CB92BC3AAED002BAE5D /* Project object */ = {
			isa = PBXProject;
			attributes = {
				BuildIndependentTargetsInParallel = 1;
				LastSwiftUpdateCheck = 1530;
				LastUpgradeCheck = 1530;
				TargetAttributes = {
					D6349CC02BC3AAED002BAE5D = {
						CreatedOnToolsVersion = 15.3;
					};
					D6349CD62BC3AAEF002BAE5D = {
						CreatedOnToolsVersion = 15.3;
						TestTargetID = D6349CC02BC3AAED002BAE5D;
					};
					D6349CE02BC3AAEF002BAE5D = {
						CreatedOnToolsVersion = 15.3;
						TestTargetID = D6349CC02BC3AAED002BAE5D;
					};
				};
			};
			buildConfigurationList = D6349CBC2BC3AAED002BAE5D /* Build configuration list for PBXProject "ToDoListApp" */;
			compatibilityVersion = "Xcode 14.0";
			developmentRegion = en;
			hasScannedForEncodings = 0;
			knownRegions = (
				en,
				Base,
			);
			mainGroup = D6349CB82BC3AAED002BAE5D;
			productRefGroup = D6349CC22BC3AAED002BAE5D /* Products */;
			projectDirPath = "";
			projectRoot = "";
			targets = (
				D6349CC02BC3AAED002BAE5D /* ToDoListApp */,
				D6349CD62BC3AAEF002BAE5D /* ToDoListAppTests */,
				D6349CE02BC3AAEF002BAE5D /* ToDoListAppUITests */,
			);
		};
/* End PBXProject section */

/* Begin PBXResourcesBuildPhase section */
		D6349CBF2BC3AAED002BAE5D /* Resources */ = {
			isa = PBXResourcesBuildPhase;
			buildActionMask = 2147483647;
			files = (
				D6D9116E2BCAA7BF00B207D3 /* EditView.xib in Resources */,
				D6349CCE2BC3AAEE002BAE5D /* Assets.xcassets in Resources */,
				D6349CD12BC3AAEE002BAE5D /* Base in Resources */,
				D6349CCC2BC3AAED002BAE5D /* Base in Resources */,
				D6349CFA2BC3DE2B002BAE5D /* CardTableViewCell.xib in Resources */,
			);
			runOnlyForDeploymentPostprocessing = 0;
		};
		D6349CD52BC3AAEF002BAE5D /* Resources */ = {
			isa = PBXResourcesBuildPhase;
			buildActionMask = 2147483647;
			files = (
			);
			runOnlyForDeploymentPostprocessing = 0;
		};
		D6349CDF2BC3AAEF002BAE5D /* Resources */ = {
			isa = PBXResourcesBuildPhase;
			buildActionMask = 2147483647;
			files = (
			);
			runOnlyForDeploymentPostprocessing = 0;
		};
/* End PBXResourcesBuildPhase section */

/* Begin PBXSourcesBuildPhase section */
		D6349CBD2BC3AAED002BAE5D /* Sources */ = {
			isa = PBXSourcesBuildPhase;
			buildActionMask = 2147483647;
			files = (
				D6D9116C2BCA8E3E00B207D3 /* EditViewController.swift in Sources */,
				D6349CF52BC3C8B8002BAE5D /* CardListViewController.swift in Sources */,
				D6349D052BC7BDEB002BAE5D /* CardManager.swift in Sources */,
				D6349CFD2BC4D45C002BAE5D /* TodoCard.swift in Sources */,
				D6349CFB2BC3DE2B002BAE5D /* CardTableViewCell.swift in Sources */,
				D6349CC92BC3AAED002BAE5D /* MainViewController.swift in Sources */,
				D6AEF9BE2BC7DA3E00A9E57A /* EditView.swift in Sources */,
				D6349CC52BC3AAED002BAE5D /* AppDelegate.swift in Sources */,
				D6349CC72BC3AAED002BAE5D /* SceneDelegate.swift in Sources */,
				D6349CF72BC3C918002BAE5D /* CardListHeaderView.swift in Sources */,
			);
			runOnlyForDeploymentPostprocessing = 0;
		};
		D6349CD32BC3AAEF002BAE5D /* Sources */ = {
			isa = PBXSourcesBuildPhase;
			buildActionMask = 2147483647;
			files = (
				D6D911722BCAFBB700B207D3 /* TodoCard.swift in Sources */,
				D6349CDC2BC3AAEF002BAE5D /* ToDoListAppTests.swift in Sources */,
				D6D911712BCAFBB500B207D3 /* CardManager.swift in Sources */,
			);
			runOnlyForDeploymentPostprocessing = 0;
		};
		D6349CDD2BC3AAEF002BAE5D /* Sources */ = {
			isa = PBXSourcesBuildPhase;
			buildActionMask = 2147483647;
			files = (
				D6349CE82BC3AAEF002BAE5D /* ToDoListAppUITestsLaunchTests.swift in Sources */,
				D6349CE62BC3AAEF002BAE5D /* ToDoListAppUITests.swift in Sources */,
			);
			runOnlyForDeploymentPostprocessing = 0;
		};
/* End PBXSourcesBuildPhase section */

/* Begin PBXTargetDependency section */
		D6349CD92BC3AAEF002BAE5D /* PBXTargetDependency */ = {
			isa = PBXTargetDependency;
			target = D6349CC02BC3AAED002BAE5D /* ToDoListApp */;
			targetProxy = D6349CD82BC3AAEF002BAE5D /* PBXContainerItemProxy */;
		};
		D6349CE32BC3AAEF002BAE5D /* PBXTargetDependency */ = {
			isa = PBXTargetDependency;
			target = D6349CC02BC3AAED002BAE5D /* ToDoListApp */;
			targetProxy = D6349CE22BC3AAEF002BAE5D /* PBXContainerItemProxy */;
		};
/* End PBXTargetDependency section */

/* Begin PBXVariantGroup section */
		D6349CCA2BC3AAED002BAE5D /* Main.storyboard */ = {
			isa = PBXVariantGroup;
			children = (
				D6349CCB2BC3AAED002BAE5D /* Base */,
			);
			name = Main.storyboard;
			sourceTree = "<group>";
		};
		D6349CCF2BC3AAEE002BAE5D /* LaunchScreen.storyboard */ = {
			isa = PBXVariantGroup;
			children = (
				D6349CD02BC3AAEE002BAE5D /* Base */,
			);
			name = LaunchScreen.storyboard;
			sourceTree = "<group>";
		};
/* End PBXVariantGroup section */

/* Begin XCBuildConfiguration section */
		D6349CE92BC3AAEF002BAE5D /* Debug */ = {
			isa = XCBuildConfiguration;
			buildSettings = {
				ALWAYS_SEARCH_USER_PATHS = NO;
				ASSETCATALOG_COMPILER_GENERATE_SWIFT_ASSET_SYMBOL_EXTENSIONS = YES;
				CLANG_ANALYZER_NONNULL = YES;
				CLANG_ANALYZER_NUMBER_OBJECT_CONVERSION = YES_AGGRESSIVE;
				CLANG_CXX_LANGUAGE_STANDARD = "gnu++20";
				CLANG_ENABLE_MODULES = YES;
				CLANG_ENABLE_OBJC_ARC = YES;
				CLANG_ENABLE_OBJC_WEAK = YES;
				CLANG_WARN_BLOCK_CAPTURE_AUTORELEASING = YES;
				CLANG_WARN_BOOL_CONVERSION = YES;
				CLANG_WARN_COMMA = YES;
				CLANG_WARN_CONSTANT_CONVERSION = YES;
				CLANG_WARN_DEPRECATED_OBJC_IMPLEMENTATIONS = YES;
				CLANG_WARN_DIRECT_OBJC_ISA_USAGE = YES_ERROR;
				CLANG_WARN_DOCUMENTATION_COMMENTS = YES;
				CLANG_WARN_EMPTY_BODY = YES;
				CLANG_WARN_ENUM_CONVERSION = YES;
				CLANG_WARN_INFINITE_RECURSION = YES;
				CLANG_WARN_INT_CONVERSION = YES;
				CLANG_WARN_NON_LITERAL_NULL_CONVERSION = YES;
				CLANG_WARN_OBJC_IMPLICIT_RETAIN_SELF = YES;
				CLANG_WARN_OBJC_LITERAL_CONVERSION = YES;
				CLANG_WARN_OBJC_ROOT_CLASS = YES_ERROR;
				CLANG_WARN_QUOTED_INCLUDE_IN_FRAMEWORK_HEADER = YES;
				CLANG_WARN_RANGE_LOOP_ANALYSIS = YES;
				CLANG_WARN_STRICT_PROTOTYPES = YES;
				CLANG_WARN_SUSPICIOUS_MOVE = YES;
				CLANG_WARN_UNGUARDED_AVAILABILITY = YES_AGGRESSIVE;
				CLANG_WARN_UNREACHABLE_CODE = YES;
				CLANG_WARN__DUPLICATE_METHOD_MATCH = YES;
				COPY_PHASE_STRIP = NO;
				DEBUG_INFORMATION_FORMAT = dwarf;
				ENABLE_STRICT_OBJC_MSGSEND = YES;
				ENABLE_TESTABILITY = YES;
				ENABLE_USER_SCRIPT_SANDBOXING = YES;
				GCC_C_LANGUAGE_STANDARD = gnu17;
				GCC_DYNAMIC_NO_PIC = NO;
				GCC_NO_COMMON_BLOCKS = YES;
				GCC_OPTIMIZATION_LEVEL = 0;
				GCC_PREPROCESSOR_DEFINITIONS = (
					"DEBUG=1",
					"$(inherited)",
				);
				GCC_WARN_64_TO_32_BIT_CONVERSION = YES;
				GCC_WARN_ABOUT_RETURN_TYPE = YES_ERROR;
				GCC_WARN_UNDECLARED_SELECTOR = YES;
				GCC_WARN_UNINITIALIZED_AUTOS = YES_AGGRESSIVE;
				GCC_WARN_UNUSED_FUNCTION = YES;
				GCC_WARN_UNUSED_VARIABLE = YES;
				IPHONEOS_DEPLOYMENT_TARGET = 17.4;
				LOCALIZATION_PREFERS_STRING_CATALOGS = YES;
				MTL_ENABLE_DEBUG_INFO = INCLUDE_SOURCE;
				MTL_FAST_MATH = YES;
				ONLY_ACTIVE_ARCH = YES;
				SDKROOT = iphoneos;
				SWIFT_ACTIVE_COMPILATION_CONDITIONS = "DEBUG $(inherited)";
				SWIFT_OPTIMIZATION_LEVEL = "-Onone";
			};
			name = Debug;
		};
		D6349CEA2BC3AAEF002BAE5D /* Release */ = {
			isa = XCBuildConfiguration;
			buildSettings = {
				ALWAYS_SEARCH_USER_PATHS = NO;
				ASSETCATALOG_COMPILER_GENERATE_SWIFT_ASSET_SYMBOL_EXTENSIONS = YES;
				CLANG_ANALYZER_NONNULL = YES;
				CLANG_ANALYZER_NUMBER_OBJECT_CONVERSION = YES_AGGRESSIVE;
				CLANG_CXX_LANGUAGE_STANDARD = "gnu++20";
				CLANG_ENABLE_MODULES = YES;
				CLANG_ENABLE_OBJC_ARC = YES;
				CLANG_ENABLE_OBJC_WEAK = YES;
				CLANG_WARN_BLOCK_CAPTURE_AUTORELEASING = YES;
				CLANG_WARN_BOOL_CONVERSION = YES;
				CLANG_WARN_COMMA = YES;
				CLANG_WARN_CONSTANT_CONVERSION = YES;
				CLANG_WARN_DEPRECATED_OBJC_IMPLEMENTATIONS = YES;
				CLANG_WARN_DIRECT_OBJC_ISA_USAGE = YES_ERROR;
				CLANG_WARN_DOCUMENTATION_COMMENTS = YES;
				CLANG_WARN_EMPTY_BODY = YES;
				CLANG_WARN_ENUM_CONVERSION = YES;
				CLANG_WARN_INFINITE_RECURSION = YES;
				CLANG_WARN_INT_CONVERSION = YES;
				CLANG_WARN_NON_LITERAL_NULL_CONVERSION = YES;
				CLANG_WARN_OBJC_IMPLICIT_RETAIN_SELF = YES;
				CLANG_WARN_OBJC_LITERAL_CONVERSION = YES;
				CLANG_WARN_OBJC_ROOT_CLASS = YES_ERROR;
				CLANG_WARN_QUOTED_INCLUDE_IN_FRAMEWORK_HEADER = YES;
				CLANG_WARN_RANGE_LOOP_ANALYSIS = YES;
				CLANG_WARN_STRICT_PROTOTYPES = YES;
				CLANG_WARN_SUSPICIOUS_MOVE = YES;
				CLANG_WARN_UNGUARDED_AVAILABILITY = YES_AGGRESSIVE;
				CLANG_WARN_UNREACHABLE_CODE = YES;
				CLANG_WARN__DUPLICATE_METHOD_MATCH = YES;
				COPY_PHASE_STRIP = NO;
				DEBUG_INFORMATION_FORMAT = "dwarf-with-dsym";
				ENABLE_NS_ASSERTIONS = NO;
				ENABLE_STRICT_OBJC_MSGSEND = YES;
				ENABLE_USER_SCRIPT_SANDBOXING = YES;
				GCC_C_LANGUAGE_STANDARD = gnu17;
				GCC_NO_COMMON_BLOCKS = YES;
				GCC_WARN_64_TO_32_BIT_CONVERSION = YES;
				GCC_WARN_ABOUT_RETURN_TYPE = YES_ERROR;
				GCC_WARN_UNDECLARED_SELECTOR = YES;
				GCC_WARN_UNINITIALIZED_AUTOS = YES_AGGRESSIVE;
				GCC_WARN_UNUSED_FUNCTION = YES;
				GCC_WARN_UNUSED_VARIABLE = YES;
				IPHONEOS_DEPLOYMENT_TARGET = 17.4;
				LOCALIZATION_PREFERS_STRING_CATALOGS = YES;
				MTL_ENABLE_DEBUG_INFO = NO;
				MTL_FAST_MATH = YES;
				SDKROOT = iphoneos;
				SWIFT_COMPILATION_MODE = wholemodule;
				VALIDATE_PRODUCT = YES;
			};
			name = Release;
		};
		D6349CEC2BC3AAEF002BAE5D /* Debug */ = {
			isa = XCBuildConfiguration;
			buildSettings = {
				ASSETCATALOG_COMPILER_APPICON_NAME = AppIcon;
				ASSETCATALOG_COMPILER_GLOBAL_ACCENT_COLOR_NAME = AccentColor;
				CODE_SIGN_STYLE = Automatic;
				CURRENT_PROJECT_VERSION = 1;
				DEVELOPMENT_TEAM = 9H57LB393L;
				GENERATE_INFOPLIST_FILE = YES;
				INFOPLIST_FILE = ToDoListApp/Info.plist;
				INFOPLIST_KEY_UIApplicationSupportsIndirectInputEvents = YES;
				INFOPLIST_KEY_UILaunchStoryboardName = LaunchScreen;
				INFOPLIST_KEY_UIMainStoryboardFile = Main;
				INFOPLIST_KEY_UISupportedInterfaceOrientations = "UIInterfaceOrientationLandscapeLeft UIInterfaceOrientationLandscapeRight UIInterfaceOrientationPortrait";
				INFOPLIST_KEY_UISupportedInterfaceOrientations_iPad = "UIInterfaceOrientationLandscapeLeft UIInterfaceOrientationLandscapeRight";
				LD_RUNPATH_SEARCH_PATHS = (
					"$(inherited)",
					"@executable_path/Frameworks",
				);
				MARKETING_VERSION = 1.0;
				PRODUCT_BUNDLE_IDENTIFIER = pro.ToDoListApp;
				PRODUCT_NAME = "$(TARGET_NAME)";
				SUPPORTED_PLATFORMS = "iphoneos iphonesimulator";
				SUPPORTS_MACCATALYST = NO;
				SUPPORTS_XR_DESIGNED_FOR_IPHONE_IPAD = NO;
				SWIFT_EMIT_LOC_STRINGS = YES;
				SWIFT_VERSION = 5.0;
				TARGETED_DEVICE_FAMILY = 2;
			};
			name = Debug;
		};
		D6349CED2BC3AAEF002BAE5D /* Release */ = {
			isa = XCBuildConfiguration;
			buildSettings = {
				ASSETCATALOG_COMPILER_APPICON_NAME = AppIcon;
				ASSETCATALOG_COMPILER_GLOBAL_ACCENT_COLOR_NAME = AccentColor;
				CODE_SIGN_STYLE = Automatic;
				CURRENT_PROJECT_VERSION = 1;
				DEVELOPMENT_TEAM = 9H57LB393L;
				GENERATE_INFOPLIST_FILE = YES;
				INFOPLIST_FILE = ToDoListApp/Info.plist;
				INFOPLIST_KEY_UIApplicationSupportsIndirectInputEvents = YES;
				INFOPLIST_KEY_UILaunchStoryboardName = LaunchScreen;
				INFOPLIST_KEY_UIMainStoryboardFile = Main;
				INFOPLIST_KEY_UISupportedInterfaceOrientations = "UIInterfaceOrientationLandscapeLeft UIInterfaceOrientationLandscapeRight UIInterfaceOrientationPortrait";
				INFOPLIST_KEY_UISupportedInterfaceOrientations_iPad = "UIInterfaceOrientationLandscapeLeft UIInterfaceOrientationLandscapeRight";
				LD_RUNPATH_SEARCH_PATHS = (
					"$(inherited)",
					"@executable_path/Frameworks",
				);
				MARKETING_VERSION = 1.0;
				PRODUCT_BUNDLE_IDENTIFIER = pro.ToDoListApp;
				PRODUCT_NAME = "$(TARGET_NAME)";
				SUPPORTED_PLATFORMS = "iphoneos iphonesimulator";
				SUPPORTS_MACCATALYST = NO;
				SUPPORTS_XR_DESIGNED_FOR_IPHONE_IPAD = NO;
				SWIFT_EMIT_LOC_STRINGS = YES;
				SWIFT_VERSION = 5.0;
				TARGETED_DEVICE_FAMILY = 2;
			};
			name = Release;
		};
		D6349CEF2BC3AAEF002BAE5D /* Debug */ = {
			isa = XCBuildConfiguration;
			buildSettings = {
				ALWAYS_EMBED_SWIFT_STANDARD_LIBRARIES = YES;
				BUNDLE_LOADER = "$(TEST_HOST)";
				CODE_SIGN_STYLE = Automatic;
				CURRENT_PROJECT_VERSION = 1;
				DEVELOPMENT_TEAM = 9H57LB393L;
				GENERATE_INFOPLIST_FILE = YES;
				IPHONEOS_DEPLOYMENT_TARGET = 17.4;
				MARKETING_VERSION = 1.0;
				PRODUCT_BUNDLE_IDENTIFIER = pro.ToDoListAppTests;
				PRODUCT_NAME = "$(TARGET_NAME)";
				SWIFT_EMIT_LOC_STRINGS = NO;
				SWIFT_VERSION = 5.0;
				TARGETED_DEVICE_FAMILY = "1,2";
				TEST_HOST = "$(BUILT_PRODUCTS_DIR)/ToDoListApp.app/$(BUNDLE_EXECUTABLE_FOLDER_PATH)/ToDoListApp";
			};
			name = Debug;
		};
		D6349CF02BC3AAEF002BAE5D /* Release */ = {
			isa = XCBuildConfiguration;
			buildSettings = {
				ALWAYS_EMBED_SWIFT_STANDARD_LIBRARIES = YES;
				BUNDLE_LOADER = "$(TEST_HOST)";
				CODE_SIGN_STYLE = Automatic;
				CURRENT_PROJECT_VERSION = 1;
				DEVELOPMENT_TEAM = 9H57LB393L;
				GENERATE_INFOPLIST_FILE = YES;
				IPHONEOS_DEPLOYMENT_TARGET = 17.4;
				MARKETING_VERSION = 1.0;
				PRODUCT_BUNDLE_IDENTIFIER = pro.ToDoListAppTests;
				PRODUCT_NAME = "$(TARGET_NAME)";
				SWIFT_EMIT_LOC_STRINGS = NO;
				SWIFT_VERSION = 5.0;
				TARGETED_DEVICE_FAMILY = "1,2";
				TEST_HOST = "$(BUILT_PRODUCTS_DIR)/ToDoListApp.app/$(BUNDLE_EXECUTABLE_FOLDER_PATH)/ToDoListApp";
			};
			name = Release;
		};
		D6349CF22BC3AAEF002BAE5D /* Debug */ = {
			isa = XCBuildConfiguration;
			buildSettings = {
				ALWAYS_EMBED_SWIFT_STANDARD_LIBRARIES = YES;
				CODE_SIGN_STYLE = Automatic;
				CURRENT_PROJECT_VERSION = 1;
				DEVELOPMENT_TEAM = 9H57LB393L;
				GENERATE_INFOPLIST_FILE = YES;
				MARKETING_VERSION = 1.0;
				PRODUCT_BUNDLE_IDENTIFIER = pro.ToDoListAppUITests;
				PRODUCT_NAME = "$(TARGET_NAME)";
				SWIFT_EMIT_LOC_STRINGS = NO;
				SWIFT_VERSION = 5.0;
				TARGETED_DEVICE_FAMILY = "1,2";
				TEST_TARGET_NAME = ToDoListApp;
			};
			name = Debug;
		};
		D6349CF32BC3AAEF002BAE5D /* Release */ = {
			isa = XCBuildConfiguration;
			buildSettings = {
				ALWAYS_EMBED_SWIFT_STANDARD_LIBRARIES = YES;
				CODE_SIGN_STYLE = Automatic;
				CURRENT_PROJECT_VERSION = 1;
				DEVELOPMENT_TEAM = 9H57LB393L;
				GENERATE_INFOPLIST_FILE = YES;
				MARKETING_VERSION = 1.0;
				PRODUCT_BUNDLE_IDENTIFIER = pro.ToDoListAppUITests;
				PRODUCT_NAME = "$(TARGET_NAME)";
				SWIFT_EMIT_LOC_STRINGS = NO;
				SWIFT_VERSION = 5.0;
				TARGETED_DEVICE_FAMILY = "1,2";
				TEST_TARGET_NAME = ToDoListApp;
			};
			name = Release;
		};
/* End XCBuildConfiguration section */

/* Begin XCConfigurationList section */
		D6349CBC2BC3AAED002BAE5D /* Build configuration list for PBXProject "ToDoListApp" */ = {
			isa = XCConfigurationList;
			buildConfigurations = (
				D6349CE92BC3AAEF002BAE5D /* Debug */,
				D6349CEA2BC3AAEF002BAE5D /* Release */,
			);
			defaultConfigurationIsVisible = 0;
			defaultConfigurationName = Release;
		};
		D6349CEB2BC3AAEF002BAE5D /* Build configuration list for PBXNativeTarget "ToDoListApp" */ = {
			isa = XCConfigurationList;
			buildConfigurations = (
				D6349CEC2BC3AAEF002BAE5D /* Debug */,
				D6349CED2BC3AAEF002BAE5D /* Release */,
			);
			defaultConfigurationIsVisible = 0;
			defaultConfigurationName = Release;
		};
		D6349CEE2BC3AAEF002BAE5D /* Build configuration list for PBXNativeTarget "ToDoListAppTests" */ = {
			isa = XCConfigurationList;
			buildConfigurations = (
				D6349CEF2BC3AAEF002BAE5D /* Debug */,
				D6349CF02BC3AAEF002BAE5D /* Release */,
			);
			defaultConfigurationIsVisible = 0;
			defaultConfigurationName = Release;
		};
		D6349CF12BC3AAEF002BAE5D /* Build configuration list for PBXNativeTarget "ToDoListAppUITests" */ = {
			isa = XCConfigurationList;
			buildConfigurations = (
				D6349CF22BC3AAEF002BAE5D /* Debug */,
				D6349CF32BC3AAEF002BAE5D /* Release */,
			);
			defaultConfigurationIsVisible = 0;
			defaultConfigurationName = Release;
		};
/* End XCConfigurationList section */
	};
	rootObject = D6349CB92BC3AAED002BAE5D /* Project object */;
}
